// !$*UTF8*$!
{
	archiveVersion = 1;
	classes = {
	};
	objectVersion = 50;
	objects = {

/* Begin PBXBuildFile section */
		660CBFDF2381BE6D00878AE3 /* HMAC.swift in Sources */ = {isa = PBXBuildFile; fileRef = 660CBFDE2381BE6D00878AE3 /* HMAC.swift */; };
		661122E12323090500A09129 /* AuthorizationViewController.swift in Sources */ = {isa = PBXBuildFile; fileRef = 661122E02323090500A09129 /* AuthorizationViewController.swift */; };
		663CF39D23287F7600F3EF36 /* AuthenticationRequest.swift in Sources */ = {isa = PBXBuildFile; fileRef = 663CF39C23287F7600F3EF36 /* AuthenticationRequest.swift */; };
		6666CF7C2318DDDF00109873 /* UserNotifications.framework in Frameworks */ = {isa = PBXBuildFile; fileRef = 6666CF7B2318DDDF00109873 /* UserNotifications.framework */; };
		6666CF7E2318DDDF00109873 /* UserNotificationsUI.framework in Frameworks */ = {isa = PBXBuildFile; fileRef = 6666CF7D2318DDDF00109873 /* UserNotificationsUI.framework */; };
		6666CF812318DDDF00109873 /* NotificationViewController.swift in Sources */ = {isa = PBXBuildFile; fileRef = 6666CF802318DDDF00109873 /* NotificationViewController.swift */; };
		6666CF842318DDDF00109873 /* MainInterface.storyboard in Resources */ = {isa = PBXBuildFile; fileRef = 6666CF822318DDDF00109873 /* MainInterface.storyboard */; };
		6666CF882318DDDF00109873 /* TwoFactorNotification.appex in Embed App Extensions */ = {isa = PBXBuildFile; fileRef = 6666CF792318DDDF00109873 /* TwoFactorNotification.appex */; settings = {ATTRIBUTES = (RemoveHeadersOnCopy, ); }; };
		66871DEB2333199D00320AD8 /* QRScannerController.swift in Sources */ = {isa = PBXBuildFile; fileRef = 66871DEA2333199D00320AD8 /* QRScannerController.swift */; };
		66C371E2231758EE009E44EE /* AppDelegate.swift in Sources */ = {isa = PBXBuildFile; fileRef = 66C371E1231758EE009E44EE /* AppDelegate.swift */; };
		66C371E4231758EE009E44EE /* ViewController.swift in Sources */ = {isa = PBXBuildFile; fileRef = 66C371E3231758EE009E44EE /* ViewController.swift */; };
		66C371E7231758EE009E44EE /* Main.storyboard in Resources */ = {isa = PBXBuildFile; fileRef = 66C371E5231758EE009E44EE /* Main.storyboard */; };
		66C371EA231758EE009E44EE /* PushValidatoriOS.xcdatamodeld in Sources */ = {isa = PBXBuildFile; fileRef = 66C371E8231758EE009E44EE /* PushValidatoriOS.xcdatamodeld */; };
		66C371EC231758F0009E44EE /* W.xcassets in Resources */ = {isa = PBXBuildFile; fileRef = 66C371EB231758F0009E44EE /* W.xcassets */; };
		66C371EF231758F0009E44EE /* LaunchScreen.storyboard in Resources */ = {isa = PBXBuildFile; fileRef = 66C371ED231758F0009E44EE /* LaunchScreen.storyboard */; };
		66C371FA231758F0009E44EE /* PushValidatoriOSTests.swift in Sources */ = {isa = PBXBuildFile; fileRef = 66C371F9231758F0009E44EE /* PushValidatoriOSTests.swift */; };
		66C37205231758F0009E44EE /* PushValidatoriOSUITests.swift in Sources */ = {isa = PBXBuildFile; fileRef = 66C37204231758F0009E44EE /* PushValidatoriOSUITests.swift */; };
		66DDC762237E5D0F00BBE7EC /* RegisterController.swift in Sources */ = {isa = PBXBuildFile; fileRef = 66DDC761237E5D0F00BBE7EC /* RegisterController.swift */; };
/* End PBXBuildFile section */

/* Begin PBXContainerItemProxy section */
		6666CF862318DDDF00109873 /* PBXContainerItemProxy */ = {
			isa = PBXContainerItemProxy;
			containerPortal = 66C371D6231758ED009E44EE /* Project object */;
			proxyType = 1;
			remoteGlobalIDString = 6666CF782318DDDF00109873;
			remoteInfo = TwoFactorNotification;
		};
		66C371F6231758F0009E44EE /* PBXContainerItemProxy */ = {
			isa = PBXContainerItemProxy;
			containerPortal = 66C371D6231758ED009E44EE /* Project object */;
			proxyType = 1;
			remoteGlobalIDString = 66C371DD231758ED009E44EE;
			remoteInfo = PushValidatoriOS;
		};
		66C37201231758F0009E44EE /* PBXContainerItemProxy */ = {
			isa = PBXContainerItemProxy;
			containerPortal = 66C371D6231758ED009E44EE /* Project object */;
			proxyType = 1;
			remoteGlobalIDString = 66C371DD231758ED009E44EE;
			remoteInfo = PushValidatoriOS;
		};
/* End PBXContainerItemProxy section */

/* Begin PBXCopyFilesBuildPhase section */
		6666CF8C2318DDDF00109873 /* Embed App Extensions */ = {
			isa = PBXCopyFilesBuildPhase;
			buildActionMask = 2147483647;
			dstPath = "";
			dstSubfolderSpec = 13;
			files = (
				6666CF882318DDDF00109873 /* TwoFactorNotification.appex in Embed App Extensions */,
			);
			name = "Embed App Extensions";
			runOnlyForDeploymentPostprocessing = 0;
		};
/* End PBXCopyFilesBuildPhase section */

/* Begin PBXFileReference section */
		660CBFDB2381BE0E00878AE3 /* PushValidatoriOS-Bridging-Header.h */ = {isa = PBXFileReference; lastKnownFileType = sourcecode.c.h; path = "PushValidatoriOS-Bridging-Header.h"; sourceTree = "<group>"; };
		660CBFDE2381BE6D00878AE3 /* HMAC.swift */ = {isa = PBXFileReference; lastKnownFileType = sourcecode.swift; path = HMAC.swift; sourceTree = "<group>"; };
		661122E02323090500A09129 /* AuthorizationViewController.swift */ = {isa = PBXFileReference; lastKnownFileType = sourcecode.swift; path = AuthorizationViewController.swift; sourceTree = "<group>"; };
		663CF39C23287F7600F3EF36 /* AuthenticationRequest.swift */ = {isa = PBXFileReference; lastKnownFileType = sourcecode.swift; path = AuthenticationRequest.swift; sourceTree = "<group>"; };
		6666CF792318DDDF00109873 /* TwoFactorNotification.appex */ = {isa = PBXFileReference; explicitFileType = "wrapper.app-extension"; includeInIndex = 0; path = TwoFactorNotification.appex; sourceTree = BUILT_PRODUCTS_DIR; };
		6666CF7B2318DDDF00109873 /* UserNotifications.framework */ = {isa = PBXFileReference; lastKnownFileType = wrapper.framework; name = UserNotifications.framework; path = System/Library/Frameworks/UserNotifications.framework; sourceTree = SDKROOT; };
		6666CF7D2318DDDF00109873 /* UserNotificationsUI.framework */ = {isa = PBXFileReference; lastKnownFileType = wrapper.framework; name = UserNotificationsUI.framework; path = System/Library/Frameworks/UserNotificationsUI.framework; sourceTree = SDKROOT; };
		6666CF802318DDDF00109873 /* NotificationViewController.swift */ = {isa = PBXFileReference; lastKnownFileType = sourcecode.swift; path = NotificationViewController.swift; sourceTree = "<group>"; };
		6666CF832318DDDF00109873 /* Base */ = {isa = PBXFileReference; lastKnownFileType = file.storyboard; name = Base; path = Base.lproj/MainInterface.storyboard; sourceTree = "<group>"; };
		6666CF852318DDDF00109873 /* Info.plist */ = {isa = PBXFileReference; lastKnownFileType = text.plist.xml; path = Info.plist; sourceTree = "<group>"; };
		66871DEA2333199D00320AD8 /* QRScannerController.swift */ = {isa = PBXFileReference; lastKnownFileType = sourcecode.swift; path = QRScannerController.swift; sourceTree = "<group>"; };
		66C371DE231758ED009E44EE /* PushValidatoriOS.app */ = {isa = PBXFileReference; explicitFileType = wrapper.application; includeInIndex = 0; path = PushValidatoriOS.app; sourceTree = BUILT_PRODUCTS_DIR; };
		66C371E1231758EE009E44EE /* AppDelegate.swift */ = {isa = PBXFileReference; lastKnownFileType = sourcecode.swift; path = AppDelegate.swift; sourceTree = "<group>"; };
		66C371E3231758EE009E44EE /* ViewController.swift */ = {isa = PBXFileReference; lastKnownFileType = sourcecode.swift; path = ViewController.swift; sourceTree = "<group>"; };
		66C371E6231758EE009E44EE /* Base */ = {isa = PBXFileReference; lastKnownFileType = file.storyboard; name = Base; path = Base.lproj/Main.storyboard; sourceTree = "<group>"; };
		66C371E9231758EE009E44EE /* PushValidatoriOS.xcdatamodel */ = {isa = PBXFileReference; lastKnownFileType = wrapper.xcdatamodel; path = PushValidatoriOS.xcdatamodel; sourceTree = "<group>"; };
		66C371EB231758F0009E44EE /* W.xcassets */ = {isa = PBXFileReference; lastKnownFileType = folder.assetcatalog; path = W.xcassets; sourceTree = "<group>"; };
		66C371EE231758F0009E44EE /* Base */ = {isa = PBXFileReference; lastKnownFileType = file.storyboard; name = Base; path = Base.lproj/LaunchScreen.storyboard; sourceTree = "<group>"; };
		66C371F0231758F0009E44EE /* Info.plist */ = {isa = PBXFileReference; lastKnownFileType = text.plist.xml; path = Info.plist; sourceTree = "<group>"; };
		66C371F5231758F0009E44EE /* PushValidatoriOSTests.xctest */ = {isa = PBXFileReference; explicitFileType = wrapper.cfbundle; includeInIndex = 0; path = PushValidatoriOSTests.xctest; sourceTree = BUILT_PRODUCTS_DIR; };
		66C371F9231758F0009E44EE /* PushValidatoriOSTests.swift */ = {isa = PBXFileReference; lastKnownFileType = sourcecode.swift; path = PushValidatoriOSTests.swift; sourceTree = "<group>"; };
		66C371FB231758F0009E44EE /* Info.plist */ = {isa = PBXFileReference; lastKnownFileType = text.plist.xml; path = Info.plist; sourceTree = "<group>"; };
		66C37200231758F0009E44EE /* PushValidatoriOSUITests.xctest */ = {isa = PBXFileReference; explicitFileType = wrapper.cfbundle; includeInIndex = 0; path = PushValidatoriOSUITests.xctest; sourceTree = BUILT_PRODUCTS_DIR; };
		66C37204231758F0009E44EE /* PushValidatoriOSUITests.swift */ = {isa = PBXFileReference; lastKnownFileType = sourcecode.swift; path = PushValidatoriOSUITests.swift; sourceTree = "<group>"; };
		66C37206231758F0009E44EE /* Info.plist */ = {isa = PBXFileReference; lastKnownFileType = text.plist.xml; path = Info.plist; sourceTree = "<group>"; };
		66C3721223175998009E44EE /* PushValidatoriOS.entitlements */ = {isa = PBXFileReference; lastKnownFileType = text.plist.entitlements; path = PushValidatoriOS.entitlements; sourceTree = "<group>"; };
		66DDC761237E5D0F00BBE7EC /* RegisterController.swift */ = {isa = PBXFileReference; lastKnownFileType = sourcecode.swift; path = RegisterController.swift; sourceTree = "<group>"; };
/* End PBXFileReference section */

/* Begin PBXFrameworksBuildPhase section */
		6666CF762318DDDF00109873 /* Frameworks */ = {
			isa = PBXFrameworksBuildPhase;
			buildActionMask = 2147483647;
			files = (
				6666CF7E2318DDDF00109873 /* UserNotificationsUI.framework in Frameworks */,
				6666CF7C2318DDDF00109873 /* UserNotifications.framework in Frameworks */,
			);
			runOnlyForDeploymentPostprocessing = 0;
		};
		66C371DB231758ED009E44EE /* Frameworks */ = {
			isa = PBXFrameworksBuildPhase;
			buildActionMask = 2147483647;
			files = (
			);
			runOnlyForDeploymentPostprocessing = 0;
		};
		66C371F2231758F0009E44EE /* Frameworks */ = {
			isa = PBXFrameworksBuildPhase;
			buildActionMask = 2147483647;
			files = (
			);
			runOnlyForDeploymentPostprocessing = 0;
		};
		66C371FD231758F0009E44EE /* Frameworks */ = {
			isa = PBXFrameworksBuildPhase;
			buildActionMask = 2147483647;
			files = (
			);
			runOnlyForDeploymentPostprocessing = 0;
		};
/* End PBXFrameworksBuildPhase section */

/* Begin PBXGroup section */
		663CF39B23287F3800F3EF36 /* Models */ = {
			isa = PBXGroup;
			children = (
				663CF39C23287F7600F3EF36 /* AuthenticationRequest.swift */,
			);
			path = Models;
			sourceTree = "<group>";
		};
		6666CF7A2318DDDF00109873 /* Frameworks */ = {
			isa = PBXGroup;
			children = (
				6666CF7B2318DDDF00109873 /* UserNotifications.framework */,
				6666CF7D2318DDDF00109873 /* UserNotificationsUI.framework */,
			);
			name = Frameworks;
			sourceTree = "<group>";
		};
		6666CF7F2318DDDF00109873 /* TwoFactorNotification */ = {
			isa = PBXGroup;
			children = (
				6666CF802318DDDF00109873 /* NotificationViewController.swift */,
				6666CF822318DDDF00109873 /* MainInterface.storyboard */,
				6666CF852318DDDF00109873 /* Info.plist */,
			);
			path = TwoFactorNotification;
			sourceTree = "<group>";
		};
		66C371D5231758ED009E44EE = {
			isa = PBXGroup;
			children = (
				663CF39B23287F3800F3EF36 /* Models */,
				66C371E0231758EE009E44EE /* PushValidatoriOS */,
				66C371F8231758F0009E44EE /* PushValidatoriOSTests */,
				66C37203231758F0009E44EE /* PushValidatoriOSUITests */,
				6666CF7F2318DDDF00109873 /* TwoFactorNotification */,
				6666CF7A2318DDDF00109873 /* Frameworks */,
				66C371DF231758ED009E44EE /* Products */,
			);
			sourceTree = "<group>";
		};
		66C371DF231758ED009E44EE /* Products */ = {
			isa = PBXGroup;
			children = (
				66C371DE231758ED009E44EE /* PushValidatoriOS.app */,
				66C371F5231758F0009E44EE /* PushValidatoriOSTests.xctest */,
				66C37200231758F0009E44EE /* PushValidatoriOSUITests.xctest */,
				6666CF792318DDDF00109873 /* TwoFactorNotification.appex */,
			);
			name = Products;
			sourceTree = "<group>";
		};
		66C371E0231758EE009E44EE /* PushValidatoriOS */ = {
			isa = PBXGroup;
			children = (
				66C3721223175998009E44EE /* PushValidatoriOS.entitlements */,
				66C371E1231758EE009E44EE /* AppDelegate.swift */,
				66C371E3231758EE009E44EE /* ViewController.swift */,
				66C371E5231758EE009E44EE /* Main.storyboard */,
				661122E02323090500A09129 /* AuthorizationViewController.swift */,
				66C371EB231758F0009E44EE /* W.xcassets */,
				66C371ED231758F0009E44EE /* LaunchScreen.storyboard */,
				66C371F0231758F0009E44EE /* Info.plist */,
				66C371E8231758EE009E44EE /* PushValidatoriOS.xcdatamodeld */,
				66871DEA2333199D00320AD8 /* QRScannerController.swift */,
				660CBFDB2381BE0E00878AE3 /* PushValidatoriOS-Bridging-Header.h */,
				66DDC761237E5D0F00BBE7EC /* RegisterController.swift */,
				660CBFDE2381BE6D00878AE3 /* HMAC.swift */,
			);
			path = PushValidatoriOS;
			sourceTree = "<group>";
		};
		66C371F8231758F0009E44EE /* PushValidatoriOSTests */ = {
			isa = PBXGroup;
			children = (
				66C371F9231758F0009E44EE /* PushValidatoriOSTests.swift */,
				66C371FB231758F0009E44EE /* Info.plist */,
			);
			path = PushValidatoriOSTests;
			sourceTree = "<group>";
		};
		66C37203231758F0009E44EE /* PushValidatoriOSUITests */ = {
			isa = PBXGroup;
			children = (
				66C37204231758F0009E44EE /* PushValidatoriOSUITests.swift */,
				66C37206231758F0009E44EE /* Info.plist */,
			);
			path = PushValidatoriOSUITests;
			sourceTree = "<group>";
		};
/* End PBXGroup section */

/* Begin PBXNativeTarget section */
		6666CF782318DDDF00109873 /* TwoFactorNotification */ = {
			isa = PBXNativeTarget;
			buildConfigurationList = 6666CF892318DDDF00109873 /* Build configuration list for PBXNativeTarget "TwoFactorNotification" */;
			buildPhases = (
				6666CF752318DDDF00109873 /* Sources */,
				6666CF762318DDDF00109873 /* Frameworks */,
				6666CF772318DDDF00109873 /* Resources */,
			);
			buildRules = (
			);
			dependencies = (
			);
			name = TwoFactorNotification;
			productName = TwoFactorNotification;
			productReference = 6666CF792318DDDF00109873 /* TwoFactorNotification.appex */;
			productType = "com.apple.product-type.app-extension";
		};
		66C371DD231758ED009E44EE /* PushValidatoriOS */ = {
			isa = PBXNativeTarget;
			buildConfigurationList = 66C37209231758F0009E44EE /* Build configuration list for PBXNativeTarget "PushValidatoriOS" */;
			buildPhases = (
				66C371DA231758ED009E44EE /* Sources */,
				66C371DB231758ED009E44EE /* Frameworks */,
				66C371DC231758ED009E44EE /* Resources */,
				6666CF8C2318DDDF00109873 /* Embed App Extensions */,
			);
			buildRules = (
			);
			dependencies = (
				6666CF872318DDDF00109873 /* PBXTargetDependency */,
			);
			name = PushValidatoriOS;
			productName = PushValidatoriOS;
			productReference = 66C371DE231758ED009E44EE /* PushValidatoriOS.app */;
			productType = "com.apple.product-type.application";
		};
		66C371F4231758F0009E44EE /* PushValidatoriOSTests */ = {
			isa = PBXNativeTarget;
			buildConfigurationList = 66C3720C231758F0009E44EE /* Build configuration list for PBXNativeTarget "PushValidatoriOSTests" */;
			buildPhases = (
				66C371F1231758F0009E44EE /* Sources */,
				66C371F2231758F0009E44EE /* Frameworks */,
				66C371F3231758F0009E44EE /* Resources */,
			);
			buildRules = (
			);
			dependencies = (
				66C371F7231758F0009E44EE /* PBXTargetDependency */,
			);
			name = PushValidatoriOSTests;
			productName = PushValidatoriOSTests;
			productReference = 66C371F5231758F0009E44EE /* PushValidatoriOSTests.xctest */;
			productType = "com.apple.product-type.bundle.unit-test";
		};
		66C371FF231758F0009E44EE /* PushValidatoriOSUITests */ = {
			isa = PBXNativeTarget;
			buildConfigurationList = 66C3720F231758F0009E44EE /* Build configuration list for PBXNativeTarget "PushValidatoriOSUITests" */;
			buildPhases = (
				66C371FC231758F0009E44EE /* Sources */,
				66C371FD231758F0009E44EE /* Frameworks */,
				66C371FE231758F0009E44EE /* Resources */,
			);
			buildRules = (
			);
			dependencies = (
				66C37202231758F0009E44EE /* PBXTargetDependency */,
			);
			name = PushValidatoriOSUITests;
			productName = PushValidatoriOSUITests;
			productReference = 66C37200231758F0009E44EE /* PushValidatoriOSUITests.xctest */;
			productType = "com.apple.product-type.bundle.ui-testing";
		};
/* End PBXNativeTarget section */

/* Begin PBXProject section */
		66C371D6231758ED009E44EE /* Project object */ = {
			isa = PBXProject;
			attributes = {
				LastSwiftUpdateCheck = 1030;
				LastUpgradeCheck = 1030;
				ORGANIZATIONNAME = "Casey Silver";
				TargetAttributes = {
					6666CF782318DDDF00109873 = {
						CreatedOnToolsVersion = 10.3;
					};
					66C371DD231758ED009E44EE = {
						CreatedOnToolsVersion = 10.3;
						LastSwiftMigration = 1120;
						SystemCapabilities = {
							com.apple.BackgroundModes = {
								enabled = 1;
							};
							com.apple.DataProtection = {
								enabled = 1;
							};
							com.apple.Push = {
								enabled = 1;
							};
						};
					};
					66C371F4231758F0009E44EE = {
						CreatedOnToolsVersion = 10.3;
						TestTargetID = 66C371DD231758ED009E44EE;
					};
					66C371FF231758F0009E44EE = {
						CreatedOnToolsVersion = 10.3;
						TestTargetID = 66C371DD231758ED009E44EE;
					};
				};
			};
			buildConfigurationList = 66C371D9231758ED009E44EE /* Build configuration list for PBXProject "PushValidatoriOS" */;
			compatibilityVersion = "Xcode 9.3";
			developmentRegion = en;
			hasScannedForEncodings = 0;
			knownRegions = (
				en,
				Base,
			);
			mainGroup = 66C371D5231758ED009E44EE;
			productRefGroup = 66C371DF231758ED009E44EE /* Products */;
			projectDirPath = "";
			projectRoot = "";
			targets = (
				66C371DD231758ED009E44EE /* PushValidatoriOS */,
				66C371F4231758F0009E44EE /* PushValidatoriOSTests */,
				66C371FF231758F0009E44EE /* PushValidatoriOSUITests */,
				6666CF782318DDDF00109873 /* TwoFactorNotification */,
			);
		};
/* End PBXProject section */

/* Begin PBXResourcesBuildPhase section */
		6666CF772318DDDF00109873 /* Resources */ = {
			isa = PBXResourcesBuildPhase;
			buildActionMask = 2147483647;
			files = (
				6666CF842318DDDF00109873 /* MainInterface.storyboard in Resources */,
			);
			runOnlyForDeploymentPostprocessing = 0;
		};
		66C371DC231758ED009E44EE /* Resources */ = {
			isa = PBXResourcesBuildPhase;
			buildActionMask = 2147483647;
			files = (
				66C371EF231758F0009E44EE /* LaunchScreen.storyboard in Resources */,
				66C371EC231758F0009E44EE /* W.xcassets in Resources */,
				66C371E7231758EE009E44EE /* Main.storyboard in Resources */,
			);
			runOnlyForDeploymentPostprocessing = 0;
		};
		66C371F3231758F0009E44EE /* Resources */ = {
			isa = PBXResourcesBuildPhase;
			buildActionMask = 2147483647;
			files = (
			);
			runOnlyForDeploymentPostprocessing = 0;
		};
		66C371FE231758F0009E44EE /* Resources */ = {
			isa = PBXResourcesBuildPhase;
			buildActionMask = 2147483647;
			files = (
			);
			runOnlyForDeploymentPostprocessing = 0;
		};
/* End PBXResourcesBuildPhase section */

/* Begin PBXSourcesBuildPhase section */
		6666CF752318DDDF00109873 /* Sources */ = {
			isa = PBXSourcesBuildPhase;
			buildActionMask = 2147483647;
			files = (
				6666CF812318DDDF00109873 /* NotificationViewController.swift in Sources */,
			);
			runOnlyForDeploymentPostprocessing = 0;
		};
		66C371DA231758ED009E44EE /* Sources */ = {
			isa = PBXSourcesBuildPhase;
			buildActionMask = 2147483647;
			files = (
				661122E12323090500A09129 /* AuthorizationViewController.swift in Sources */,
				660CBFDF2381BE6D00878AE3 /* HMAC.swift in Sources */,
				66C371E4231758EE009E44EE /* ViewController.swift in Sources */,
				66C371E2231758EE009E44EE /* AppDelegate.swift in Sources */,
				66DDC762237E5D0F00BBE7EC /* RegisterController.swift in Sources */,
				66C371EA231758EE009E44EE /* PushValidatoriOS.xcdatamodeld in Sources */,
				663CF39D23287F7600F3EF36 /* AuthenticationRequest.swift in Sources */,
				66871DEB2333199D00320AD8 /* QRScannerController.swift in Sources */,
			);
			runOnlyForDeploymentPostprocessing = 0;
		};
		66C371F1231758F0009E44EE /* Sources */ = {
			isa = PBXSourcesBuildPhase;
			buildActionMask = 2147483647;
			files = (
				66C371FA231758F0009E44EE /* PushValidatoriOSTests.swift in Sources */,
			);
			runOnlyForDeploymentPostprocessing = 0;
		};
		66C371FC231758F0009E44EE /* Sources */ = {
			isa = PBXSourcesBuildPhase;
			buildActionMask = 2147483647;
			files = (
				66C37205231758F0009E44EE /* PushValidatoriOSUITests.swift in Sources */,
			);
			runOnlyForDeploymentPostprocessing = 0;
		};
/* End PBXSourcesBuildPhase section */

/* Begin PBXTargetDependency section */
		6666CF872318DDDF00109873 /* PBXTargetDependency */ = {
			isa = PBXTargetDependency;
			target = 6666CF782318DDDF00109873 /* TwoFactorNotification */;
			targetProxy = 6666CF862318DDDF00109873 /* PBXContainerItemProxy */;
		};
		66C371F7231758F0009E44EE /* PBXTargetDependency */ = {
			isa = PBXTargetDependency;
			target = 66C371DD231758ED009E44EE /* PushValidatoriOS */;
			targetProxy = 66C371F6231758F0009E44EE /* PBXContainerItemProxy */;
		};
		66C37202231758F0009E44EE /* PBXTargetDependency */ = {
			isa = PBXTargetDependency;
			target = 66C371DD231758ED009E44EE /* PushValidatoriOS */;
			targetProxy = 66C37201231758F0009E44EE /* PBXContainerItemProxy */;
		};
/* End PBXTargetDependency section */

/* Begin PBXVariantGroup section */
		6666CF822318DDDF00109873 /* MainInterface.storyboard */ = {
			isa = PBXVariantGroup;
			children = (
				6666CF832318DDDF00109873 /* Base */,
			);
			name = MainInterface.storyboard;
			sourceTree = "<group>";
		};
		66C371E5231758EE009E44EE /* Main.storyboard */ = {
			isa = PBXVariantGroup;
			children = (
				66C371E6231758EE009E44EE /* Base */,
			);
			name = Main.storyboard;
			sourceTree = "<group>";
		};
		66C371ED231758F0009E44EE /* LaunchScreen.storyboard */ = {
			isa = PBXVariantGroup;
			children = (
				66C371EE231758F0009E44EE /* Base */,
			);
			name = LaunchScreen.storyboard;
			sourceTree = "<group>";
		};
/* End PBXVariantGroup section */

/* Begin XCBuildConfiguration section */
		6666CF8A2318DDDF00109873 /* Debug */ = {
			isa = XCBuildConfiguration;
			buildSettings = {
				CODE_SIGN_STYLE = Automatic;
				DEVELOPMENT_TEAM = AADJG47W4U;
				INFOPLIST_FILE = TwoFactorNotification/Info.plist;
				LD_RUNPATH_SEARCH_PATHS = (
					"$(inherited)",
					"@executable_path/Frameworks",
					"@executable_path/../../Frameworks",
				);
				PRODUCT_BUNDLE_IDENTIFIER = "com.silver-dev.PushValidatoriOS.TwoFactorNotification";
				PRODUCT_NAME = "$(TARGET_NAME)";
				SKIP_INSTALL = YES;
				SWIFT_VERSION = 5.0;
				TARGETED_DEVICE_FAMILY = "1,2";
			};
			name = Debug;
		};
		6666CF8B2318DDDF00109873 /* Release */ = {
			isa = XCBuildConfiguration;
			buildSettings = {
				CODE_SIGN_STYLE = Automatic;
				DEVELOPMENT_TEAM = AADJG47W4U;
				INFOPLIST_FILE = TwoFactorNotification/Info.plist;
				LD_RUNPATH_SEARCH_PATHS = (
					"$(inherited)",
					"@executable_path/Frameworks",
					"@executable_path/../../Frameworks",
				);
				PRODUCT_BUNDLE_IDENTIFIER = "com.silver-dev.PushValidatoriOS.TwoFactorNotification";
				PRODUCT_NAME = "$(TARGET_NAME)";
				SKIP_INSTALL = YES;
				SWIFT_VERSION = 5.0;
				TARGETED_DEVICE_FAMILY = "1,2";
			};
			name = Release;
		};
		66C37207231758F0009E44EE /* Debug */ = {
			isa = XCBuildConfiguration;
			buildSettings = {
				ALWAYS_SEARCH_USER_PATHS = NO;
				CLANG_ANALYZER_NONNULL = YES;
				CLANG_ANALYZER_NUMBER_OBJECT_CONVERSION = YES_AGGRESSIVE;
				CLANG_CXX_LANGUAGE_STANDARD = "gnu++14";
				CLANG_CXX_LIBRARY = "libc++";
				CLANG_ENABLE_MODULES = YES;
				CLANG_ENABLE_OBJC_ARC = YES;
				CLANG_ENABLE_OBJC_WEAK = YES;
				CLANG_WARN_BLOCK_CAPTURE_AUTORELEASING = YES;
				CLANG_WARN_BOOL_CONVERSION = YES;
				CLANG_WARN_COMMA = YES;
				CLANG_WARN_CONSTANT_CONVERSION = YES;
				CLANG_WARN_DEPRECATED_OBJC_IMPLEMENTATIONS = YES;
				CLANG_WARN_DIRECT_OBJC_ISA_USAGE = YES_ERROR;
				CLANG_WARN_DOCUMENTATION_COMMENTS = YES;
				CLANG_WARN_EMPTY_BODY = YES;
				CLANG_WARN_ENUM_CONVERSION = YES;
				CLANG_WARN_INFINITE_RECURSION = YES;
				CLANG_WARN_INT_CONVERSION = YES;
				CLANG_WARN_NON_LITERAL_NULL_CONVERSION = YES;
				CLANG_WARN_OBJC_IMPLICIT_RETAIN_SELF = YES;
				CLANG_WARN_OBJC_LITERAL_CONVERSION = YES;
				CLANG_WARN_OBJC_ROOT_CLASS = YES_ERROR;
				CLANG_WARN_RANGE_LOOP_ANALYSIS = YES;
				CLANG_WARN_STRICT_PROTOTYPES = YES;
				CLANG_WARN_SUSPICIOUS_MOVE = YES;
				CLANG_WARN_UNGUARDED_AVAILABILITY = YES_AGGRESSIVE;
				CLANG_WARN_UNREACHABLE_CODE = YES;
				CLANG_WARN__DUPLICATE_METHOD_MATCH = YES;
				CODE_SIGN_IDENTITY = "iPhone Developer";
				COPY_PHASE_STRIP = NO;
				DEBUG_INFORMATION_FORMAT = dwarf;
				ENABLE_STRICT_OBJC_MSGSEND = YES;
				ENABLE_TESTABILITY = YES;
				GCC_C_LANGUAGE_STANDARD = gnu11;
				GCC_DYNAMIC_NO_PIC = NO;
				GCC_NO_COMMON_BLOCKS = YES;
				GCC_OPTIMIZATION_LEVEL = 0;
				GCC_PREPROCESSOR_DEFINITIONS = (
					"DEBUG=1",
					"$(inherited)",
				);
				GCC_WARN_64_TO_32_BIT_CONVERSION = YES;
				GCC_WARN_ABOUT_RETURN_TYPE = YES_ERROR;
				GCC_WARN_UNDECLARED_SELECTOR = YES;
				GCC_WARN_UNINITIALIZED_AUTOS = YES_AGGRESSIVE;
				GCC_WARN_UNUSED_FUNCTION = YES;
				GCC_WARN_UNUSED_VARIABLE = YES;
				IPHONEOS_DEPLOYMENT_TARGET = 12.4;
				MTL_ENABLE_DEBUG_INFO = INCLUDE_SOURCE;
				MTL_FAST_MATH = YES;
				ONLY_ACTIVE_ARCH = YES;
				SDKROOT = iphoneos;
				SWIFT_ACTIVE_COMPILATION_CONDITIONS = DEBUG;
				SWIFT_OPTIMIZATION_LEVEL = "-Onone";
			};
			name = Debug;
		};
		66C37208231758F0009E44EE /* Release */ = {
			isa = XCBuildConfiguration;
			buildSettings = {
				ALWAYS_SEARCH_USER_PATHS = NO;
				CLANG_ANALYZER_NONNULL = YES;
				CLANG_ANALYZER_NUMBER_OBJECT_CONVERSION = YES_AGGRESSIVE;
				CLANG_CXX_LANGUAGE_STANDARD = "gnu++14";
				CLANG_CXX_LIBRARY = "libc++";
				CLANG_ENABLE_MODULES = YES;
				CLANG_ENABLE_OBJC_ARC = YES;
				CLANG_ENABLE_OBJC_WEAK = YES;
				CLANG_WARN_BLOCK_CAPTURE_AUTORELEASING = YES;
				CLANG_WARN_BOOL_CONVERSION = YES;
				CLANG_WARN_COMMA = YES;
				CLANG_WARN_CONSTANT_CONVERSION = YES;
				CLANG_WARN_DEPRECATED_OBJC_IMPLEMENTATIONS = YES;
				CLANG_WARN_DIRECT_OBJC_ISA_USAGE = YES_ERROR;
				CLANG_WARN_DOCUMENTATION_COMMENTS = YES;
				CLANG_WARN_EMPTY_BODY = YES;
				CLANG_WARN_ENUM_CONVERSION = YES;
				CLANG_WARN_INFINITE_RECURSION = YES;
				CLANG_WARN_INT_CONVERSION = YES;
				CLANG_WARN_NON_LITERAL_NULL_CONVERSION = YES;
				CLANG_WARN_OBJC_IMPLICIT_RETAIN_SELF = YES;
				CLANG_WARN_OBJC_LITERAL_CONVERSION = YES;
				CLANG_WARN_OBJC_ROOT_CLASS = YES_ERROR;
				CLANG_WARN_RANGE_LOOP_ANALYSIS = YES;
				CLANG_WARN_STRICT_PROTOTYPES = YES;
				CLANG_WARN_SUSPICIOUS_MOVE = YES;
				CLANG_WARN_UNGUARDED_AVAILABILITY = YES_AGGRESSIVE;
				CLANG_WARN_UNREACHABLE_CODE = YES;
				CLANG_WARN__DUPLICATE_METHOD_MATCH = YES;
				CODE_SIGN_IDENTITY = "iPhone Developer";
				COPY_PHASE_STRIP = NO;
				DEBUG_INFORMATION_FORMAT = "dwarf-with-dsym";
				ENABLE_NS_ASSERTIONS = NO;
				ENABLE_STRICT_OBJC_MSGSEND = YES;
				GCC_C_LANGUAGE_STANDARD = gnu11;
				GCC_NO_COMMON_BLOCKS = YES;
				GCC_WARN_64_TO_32_BIT_CONVERSION = YES;
				GCC_WARN_ABOUT_RETURN_TYPE = YES_ERROR;
				GCC_WARN_UNDECLARED_SELECTOR = YES;
				GCC_WARN_UNINITIALIZED_AUTOS = YES_AGGRESSIVE;
				GCC_WARN_UNUSED_FUNCTION = YES;
				GCC_WARN_UNUSED_VARIABLE = YES;
				IPHONEOS_DEPLOYMENT_TARGET = 12.4;
				MTL_ENABLE_DEBUG_INFO = NO;
				MTL_FAST_MATH = YES;
				SDKROOT = iphoneos;
				SWIFT_COMPILATION_MODE = wholemodule;
				SWIFT_OPTIMIZATION_LEVEL = "-O";
				VALIDATE_PRODUCT = YES;
			};
			name = Release;
		};
		66C3720A231758F0009E44EE /* Debug */ = {
			isa = XCBuildConfiguration;
			buildSettings = {
				ALWAYS_EMBED_SWIFT_STANDARD_LIBRARIES = YES;
				ASSETCATALOG_COMPILER_APPICON_NAME = AppIcon;
				CLANG_ENABLE_MODULES = YES;
				CODE_SIGN_ENTITLEMENTS = PushValidatoriOS/PushValidatoriOS.entitlements;
				CODE_SIGN_STYLE = Automatic;
				DEVELOPMENT_TEAM = AADJG47W4U;
				INFOPLIST_FILE = PushValidatoriOS/Info.plist;
				IPHONEOS_DEPLOYMENT_TARGET = 12.0;
				LD_RUNPATH_SEARCH_PATHS = (
					"$(inherited)",
					"@executable_path/Frameworks",
				);
				PRODUCT_BUNDLE_IDENTIFIER = "com.silver-dev.PushValidatoriOS";
				PRODUCT_NAME = "$(TARGET_NAME)";
				SWIFT_OBJC_BRIDGING_HEADER = "PushValidatoriOS/PushValidatoriOS-Bridging-Header.h";
				SWIFT_OPTIMIZATION_LEVEL = "-Onone";
				SWIFT_VERSION = 5.0;
				TARGETED_DEVICE_FAMILY = "1,2";
			};
			name = Debug;
		};
		66C3720B231758F0009E44EE /* Release */ = {
			isa = XCBuildConfiguration;
			buildSettings = {
				ALWAYS_EMBED_SWIFT_STANDARD_LIBRARIES = YES;
				ASSETCATALOG_COMPILER_APPICON_NAME = AppIcon;
				CLANG_ENABLE_MODULES = YES;
				CODE_SIGN_ENTITLEMENTS = PushValidatoriOS/PushValidatoriOS.entitlements;
				CODE_SIGN_STYLE = Automatic;
				DEVELOPMENT_TEAM = AADJG47W4U;
				INFOPLIST_FILE = PushValidatoriOS/Info.plist;
				IPHONEOS_DEPLOYMENT_TARGET = 12.0;
				LD_RUNPATH_SEARCH_PATHS = (
					"$(inherited)",
					"@executable_path/Frameworks",
				);
				PRODUCT_BUNDLE_IDENTIFIER = "com.silver-dev.PushValidatoriOS";
				PRODUCT_NAME = "$(TARGET_NAME)";
				SWIFT_OBJC_BRIDGING_HEADER = "PushValidatoriOS/PushValidatoriOS-Bridging-Header.h";
				SWIFT_VERSION = 5.0;
				TARGETED_DEVICE_FAMILY = "1,2";
			};
			name = Release;
		};
		66C3720D231758F0009E44EE /* Debug */ = {
			isa = XCBuildConfiguration;
			buildSettings = {
				ALWAYS_EMBED_SWIFT_STANDARD_LIBRARIES = YES;
				BUNDLE_LOADER = "$(TEST_HOST)";
				CODE_SIGN_STYLE = Automatic;
				DEVELOPMENT_TEAM = AADJG47W4U;
				INFOPLIST_FILE = PushValidatoriOSTests/Info.plist;
				LD_RUNPATH_SEARCH_PATHS = (
					"$(inherited)",
					"@executable_path/Frameworks",
					"@loader_path/Frameworks",
				);
				PRODUCT_BUNDLE_IDENTIFIER = "com.silver-dev.PushValidatoriOSTests";
				PRODUCT_NAME = "$(TARGET_NAME)";
				SWIFT_VERSION = 5.0;
				TARGETED_DEVICE_FAMILY = "1,2";
				TEST_HOST = "$(BUILT_PRODUCTS_DIR)/PushValidatoriOS.app/PushValidatoriOS";
			};
			name = Debug;
		};
		66C3720E231758F0009E44EE /* Release */ = {
			isa = XCBuildConfiguration;
			buildSettings = {
				ALWAYS_EMBED_SWIFT_STANDARD_LIBRARIES = YES;
				BUNDLE_LOADER = "$(TEST_HOST)";
				CODE_SIGN_STYLE = Automatic;
				DEVELOPMENT_TEAM = AADJG47W4U;
				INFOPLIST_FILE = PushValidatoriOSTests/Info.plist;
				LD_RUNPATH_SEARCH_PATHS = (
					"$(inherited)",
					"@executable_path/Frameworks",
					"@loader_path/Frameworks",
				);
				PRODUCT_BUNDLE_IDENTIFIER = "com.silver-dev.PushValidatoriOSTests";
				PRODUCT_NAME = "$(TARGET_NAME)";
				SWIFT_VERSION = 5.0;
				TARGETED_DEVICE_FAMILY = "1,2";
				TEST_HOST = "$(BUILT_PRODUCTS_DIR)/PushValidatoriOS.app/PushValidatoriOS";
			};
			name = Release;
		};
		66C37210231758F0009E44EE /* Debug */ = {
			isa = XCBuildConfiguration;
			buildSettings = {
				ALWAYS_EMBED_SWIFT_STANDARD_LIBRARIES = YES;
				CODE_SIGN_STYLE = Automatic;
				DEVELOPMENT_TEAM = AADJG47W4U;
				INFOPLIST_FILE = PushValidatoriOSUITests/Info.plist;
				LD_RUNPATH_SEARCH_PATHS = (
					"$(inherited)",
					"@executable_path/Frameworks",
					"@loader_path/Frameworks",
				);
				PRODUCT_BUNDLE_IDENTIFIER = "com.silver-dev.PushValidatoriOSUITests";
				PRODUCT_NAME = "$(TARGET_NAME)";
				SWIFT_VERSION = 5.0;
				TARGETED_DEVICE_FAMILY = "1,2";
				TEST_TARGET_NAME = PushValidatoriOS;
			};
			name = Debug;
		};
		66C37211231758F0009E44EE /* Release */ = {
			isa = XCBuildConfiguration;
			buildSettings = {
				ALWAYS_EMBED_SWIFT_STANDARD_LIBRARIES = YES;
				CODE_SIGN_STYLE = Automatic;
				DEVELOPMENT_TEAM = AADJG47W4U;
				INFOPLIST_FILE = PushValidatoriOSUITests/Info.plist;
				LD_RUNPATH_SEARCH_PATHS = (
					"$(inherited)",
					"@executable_path/Frameworks",
					"@loader_path/Frameworks",
				);
				PRODUCT_BUNDLE_IDENTIFIER = "com.silver-dev.PushValidatoriOSUITests";
				PRODUCT_NAME = "$(TARGET_NAME)";
				SWIFT_VERSION = 5.0;
				TARGETED_DEVICE_FAMILY = "1,2";
				TEST_TARGET_NAME = PushValidatoriOS;
			};
			name = Release;
		};
/* End XCBuildConfiguration section */

/* Begin XCConfigurationList section */
		6666CF892318DDDF00109873 /* Build configuration list for PBXNativeTarget "TwoFactorNotification" */ = {
			isa = XCConfigurationList;
			buildConfigurations = (
				6666CF8A2318DDDF00109873 /* Debug */,
				6666CF8B2318DDDF00109873 /* Release */,
			);
			defaultConfigurationIsVisible = 0;
			defaultConfigurationName = Release;
		};
		66C371D9231758ED009E44EE /* Build configuration list for PBXProject "PushValidatoriOS" */ = {
			isa = XCConfigurationList;
			buildConfigurations = (
				66C37207231758F0009E44EE /* Debug */,
				66C37208231758F0009E44EE /* Release */,
			);
			defaultConfigurationIsVisible = 0;
			defaultConfigurationName = Release;
		};
		66C37209231758F0009E44EE /* Build configuration list for PBXNativeTarget "PushValidatoriOS" */ = {
			isa = XCConfigurationList;
			buildConfigurations = (
				66C3720A231758F0009E44EE /* Debug */,
				66C3720B231758F0009E44EE /* Release */,
			);
			defaultConfigurationIsVisible = 0;
			defaultConfigurationName = Release;
		};
		66C3720C231758F0009E44EE /* Build configuration list for PBXNativeTarget "PushValidatoriOSTests" */ = {
			isa = XCConfigurationList;
			buildConfigurations = (
				66C3720D231758F0009E44EE /* Debug */,
				66C3720E231758F0009E44EE /* Release */,
			);
			defaultConfigurationIsVisible = 0;
			defaultConfigurationName = Release;
		};
		66C3720F231758F0009E44EE /* Build configuration list for PBXNativeTarget "PushValidatoriOSUITests" */ = {
			isa = XCConfigurationList;
			buildConfigurations = (
				66C37210231758F0009E44EE /* Debug */,
				66C37211231758F0009E44EE /* Release */,
			);
			defaultConfigurationIsVisible = 0;
			defaultConfigurationName = Release;
		};
/* End XCConfigurationList section */

/* Begin XCVersionGroup section */
		66C371E8231758EE009E44EE /* PushValidatoriOS.xcdatamodeld */ = {
			isa = XCVersionGroup;
			children = (
				66C371E9231758EE009E44EE /* PushValidatoriOS.xcdatamodel */,
			);
			currentVersion = 66C371E9231758EE009E44EE /* PushValidatoriOS.xcdatamodel */;
			path = PushValidatoriOS.xcdatamodeld;
			sourceTree = "<group>";
			versionGroupType = wrapper.xcdatamodel;
		};
/* End XCVersionGroup section */
	};
	rootObject = 66C371D6231758ED009E44EE /* Project object */;
}
